
Microsoft Visual Studio Solution File, Format Version 12.00
# Visual Studio Version 17
VisualStudioVersion = 17.3.32929.385
MinimumVisualStudioVersion = 10.0.40219.1
Project("{FAE04EC0-301F-11D3-BF4B-00C04F79EFBC}") = "2UgersProject Stardew Valley", "2UgersProject Stardew Valley\2UgersProject Stardew Valley.csproj", "{E664DECD-F587-496E-8DDD-1CCB30E8F07F}"
EndProject
Global
	GlobalSection(SolutionConfigurationPlatforms) = preSolution
		Debug|Any CPU = Debug|Any CPU
		Release|Any CPU = Release|Any CPU
	EndGlobalSection
	GlobalSection(ProjectConfigurationPlatforms) = postSolution
		{E664DECD-F587-496E-8DDD-1CCB30E8F07F}.Debug|Any CPU.ActiveCfg = Debug|Any CPU
		{E664DECD-F587-496E-8DDD-1CCB30E8F07F}.Debug|Any CPU.Build.0 = Debug|Any CPU
		{E664DECD-F587-496E-8DDD-1CCB30E8F07F}.Release|Any CPU.ActiveCfg = Release|Any CPU
		{E664DECD-F587-496E-8DDD-1CCB30E8F07F}.Release|Any CPU.Build.0 = Release|Any CPU
	EndGlobalSection
	GlobalSection(SolutionProperties) = preSolution
		HideSolutionNode = FALSE
	EndGlobalSection
	GlobalSection(ExtensibilityGlobals) = postSolution
		SolutionGuid = {CABF477B-090B-4081-BF12-E02CB6713389}
	EndGlobalSection
EndGlobal
